# THIS IS AN AUTOGENERATED FILE. DO NOT EDIT THIS FILE DIRECTLY.
# yarn lockfile v1


"@sentry/browser@^5.17.0":
  version "5.17.0"
  resolved "https://registry.yarnpkg.com/@sentry/browser/-/browser-5.17.0.tgz#0c3796cb02df3ec8db13341564fae0bc83e148c5"
  integrity sha512-++pXpCHtdek1cRUwVeLvlxUJ2w1s+eiC9qN1N+7+HdAjHpBz2/tA1sKBCqwwVQZ490Cf2GLll9Ao7fuPPmveRQ==
  dependencies:
    "@sentry/core" "5.17.0"
    "@sentry/types" "5.17.0"
    "@sentry/utils" "5.17.0"
    tslib "^1.9.3"

"@sentry/core@5.17.0":
  version "5.17.0"
  resolved "https://registry.yarnpkg.com/@sentry/core/-/core-5.17.0.tgz#b2deef95465c766076d5cffd8534a67100f9b821"
  integrity sha512-Kfx4rGKDC7V1YJjTGJXyl12VVHxM8Cjpu61YOyF8kXoXXg9u06C3n0G1dmfzLQERKXasUVMtXRBdKx/OjYpl1g==
  dependencies:
    "@sentry/hub" "5.17.0"
    "@sentry/minimal" "5.17.0"
    "@sentry/types" "5.17.0"
    "@sentry/utils" "5.17.0"
    tslib "^1.9.3"

"@sentry/hub@5.17.0":
  version "5.17.0"
  resolved "https://registry.yarnpkg.com/@sentry/hub/-/hub-5.17.0.tgz#b7d255ca3f766385911d9414af97f388e869d996"
  integrity sha512-lyUbEmshwaMYdAzy4iwgizgvKODVVloB2trnefpq90AuWCdvzcxMLIGULx1ou+KohccqdNorYICKWeuRscKq5A==
  dependencies:
    "@sentry/types" "5.17.0"
    "@sentry/utils" "5.17.0"
    tslib "^1.9.3"

"@sentry/minimal@5.17.0":
  version "5.17.0"
  resolved "https://registry.yarnpkg.com/@sentry/minimal/-/minimal-5.17.0.tgz#b40e4b4109b098840277def3b51cc20ae6767164"
  integrity sha512-v8xfkySXKrliZO6er6evlVe/ViUcqN0O8BhGyauK28Mf+KnKEOs5W6oWbt4qCDIttw9ynKIYyRrkAl/9oUR76A==
  dependencies:
    "@sentry/hub" "5.17.0"
    "@sentry/types" "5.17.0"
    tslib "^1.9.3"

"@sentry/types@5.17.0":
  version "5.17.0"
  resolved "https://registry.yarnpkg.com/@sentry/types/-/types-5.17.0.tgz#b8d245ac7d5caa749c549e9f72aab2d6522afe63"
  integrity sha512-1z8EXzvg8GcsBNnSXgB5/G7mz2PwmMt9mjOrVG1jhtSGH1c7WvB32F5boqoMcjIJmy5MrBGaaXwrF/RRJrwUQg==

"@sentry/utils@5.17.0":
  version "5.17.0"
  resolved "https://registry.yarnpkg.com/@sentry/utils/-/utils-5.17.0.tgz#b809b067665f3ebaea77ba7b5d1d1d14a4ed76cb"
  integrity sha512-qn8WgZcSkV/rx0ezp9q/xFjP7aMaYZO1/JYLXV4o6pYrQ9tvMmmwAZT39FpJunhhbkR36WNEuRB9C2K250cb/A==
  dependencies:
    "@sentry/types" "5.17.0"
    tslib "^1.9.3"

tslib@^1.9.3:
  version "1.13.0"
  resolved "https://registry.yarnpkg.com/tslib/-/tslib-1.13.0.tgz#c881e13cc7015894ed914862d276436fa9a47043"
  integrity sha512-i/6DQjL8Xf3be4K/E6Wgpekn5Qasl1usyw++dAA35Ue5orEn65VIxOA+YvNNl9HV3qv70T7CNwjODHZrLwvd1Q==
